
Microsoft Visual Studio Solution File, Format Version 12.00
# Visual Studio Version 17
VisualStudioVersion = 17.0.31815.197
MinimumVisualStudioVersion = 10.0.40219.1
Project("{9A19103F-16F7-4668-BE54-9A1E7A4F7556}") = "Lesson-1", "Lesson-1\Lesson-1.csproj", "{8644B389-2D2F-481D-9756-04E93A9BFC02}"
EndProject
Project("{9A19103F-16F7-4668-BE54-9A1E7A4F7556}") = "Lesson-2", "Lesson-2\Lesson-2.csproj", "{F2F30461-1BC8-407C-B8A1-C6BFDDBA9A78}"
EndProject
Project("{2150E333-8FDC-42A3-9474-1A3956D46DE8}") = "Lesson-3", "Lesson-3", "{B04D8326-1B3C-40CE-B998-F7543FB038FC}"
EndProject
Project("{9A19103F-16F7-4668-BE54-9A1E7A4F7556}") = "Lesson-3-4-task-from-source-3-1", "Lesson-3-4-task-from-source-3-1\Lesson-3-4-task-from-source-3-1.csproj", "{6F347A11-D895-4BBA-9356-353700BD123B}"
EndProject
Project("{9A19103F-16F7-4668-BE54-9A1E7A4F7556}") = "Lesson-3-1-parity-check", "Lesson-3-1-parity-check\Lesson-3-1-parity-check.csproj", "{063B64A8-9CAD-4880-AFA5-161691BADA73}"
EndProject
Project("{9A19103F-16F7-4668-BE54-9A1E7A4F7556}") = "Lesson-3-2-blackjack", "Lesson-3-2-blackjack\Lesson-3-2-blackjack.csproj", "{C0427FD3-8179-4DE8-93C6-3983A980B1E0}"
EndProject
Project("{9A19103F-16F7-4668-BE54-9A1E7A4F7556}") = "Lesson-3-3-checking-a-prime-number", "Lesson-3-3-checking-a-prime-number\Lesson-3-3-checking-a-prime-number.csproj", "{7BDEB2FC-3427-42BE-9E3C-67C8E1F32C5E}"
EndProject
Project("{2150E333-8FDC-42A3-9474-1A3956D46DE8}") = "Lesson-4", "Lesson-4", "{1C1E6B84-2BE5-4E36-A535-1B9AEBEC1A98}"
EndProject
Project("{9A19103F-16F7-4668-BE54-9A1E7A4F7556}") = "Lesson-4-from-site-1-random-matrix", "Lesson-4-from-site-1-random-matrix\Lesson-4-from-site-1-random-matrix.csproj", "{60BA9442-8CE1-4BC3-A618-B1551FF9C71B}"
EndProject
Project("{9A19103F-16F7-4668-BE54-9A1E7A4F7556}") = "Lesson-4-from-site-2-minimum-in-line", "Lesson-4-from-site-2-minimum-in-line\Lesson-4-from-site-2-minimum-in-line.csproj", "{C7A1CDEB-D85E-419A-A1D2-4BA0BE522182}"
EndProject
Project("{9A19103F-16F7-4668-BE54-9A1E7A4F7556}") = "Lesson-4-from-site-3-guess-the-number", "Lesson-4-from-site-3-guess-the-number\Lesson-4-from-site-3-guess-the-number.csproj", "{30635E6C-AEC5-40F6-8FBF-1570C1BFA4FD}"
EndProject
Project("{9A19103F-16F7-4668-BE54-9A1E7A4F7556}") = "Lesson-4-from-source-1-financial-accounting", "Lesson-4-from-source-1-financial-accounting\Lesson-4-from-source-1-financial-accounting.csproj", "{3B22B9C2-02F4-4CDA-8D1F-87E1F5267AC5}"
EndProject
Project("{9A19103F-16F7-4668-BE54-9A1E7A4F7556}") = "Lesson-4-from-source-2-pascal-triangle", "Lesson-4-from-source-2-pascal-triangle\Lesson-4-from-source-2-pascal-triangle.csproj", "{4B946C0E-0855-4291-B48F-BDAE164EAE44}"
EndProject
Project("{9A19103F-16F7-4668-BE54-9A1E7A4F7556}") = "Lesson-4-from-source-3-matrix", "Lesson-4-from-source-3-matrix\Lesson-4-from-source-3-matrix.csproj", "{E84D1ABE-A0D6-4B2B-ACA6-A43E6433CDCC}"
EndProject
Project("{2150E333-8FDC-42A3-9474-1A3956D46DE8}") = "Lesson-5", "Lesson-5", "{501C7E35-D415-41B1-8A79-9468453D4614}"
EndProject
Project("{9A19103F-16F7-4668-BE54-9A1E7A4F7556}") = "Lesson-5-from-site-1-string-split", "Lesson-5-from-site-1-string-split\Lesson-5-from-site-1-string-split.csproj", "{E97D5279-EE71-42E2-963C-E5EE00B0EF73}"
EndProject
Project("{9A19103F-16F7-4668-BE54-9A1E7A4F7556}") = "Lesson-5-from-site-2-string-revers", "Lesson-5-from-site-2-string-revers\Lesson-5-from-site-2-string-revers.csproj", "{12623F83-6F80-4E3D-9391-C7F2C98A8702}"
EndProject
Project("{FAE04EC0-301F-11D3-BF4B-00C04F79EFBC}") = "Lesson-5-from-source-1-matrix", "Lesson-5-from-source-1-matrix\Lesson-5-from-source-1-matrix.csproj", "{9FCAA801-8C8D-4A66-A3EE-FC49E1D1F83D}"
EndProject
Project("{FAE04EC0-301F-11D3-BF4B-00C04F79EFBC}") = "Lesson-5-from-source-2-text-methods", "Lesson-5-from-source-2-text-methods\Lesson-5-from-source-2-text-methods.csproj", "{6E618B17-70DC-4D12-B490-1EE51C9B1D43}"
EndProject
Project("{FAE04EC0-301F-11D3-BF4B-00C04F79EFBC}") = "Lesson-5-from-source-4-numbers-check", "Lesson-5-from-source-4-numbers-check\Lesson-5-from-source-4-numbers-check.csproj", "{0F910971-C1DC-45C5-8D69-4876D3DB864A}"
EndProject
Project("{FAE04EC0-301F-11D3-BF4B-00C04F79EFBC}") = "Lesson-5-from-source-5-akkerman", "Lesson-5-from-source-5-akkerman\Lesson-5-from-source-5-akkerman.csproj", "{980181ED-0043-44DC-B7DE-FEC8893C1445}"
EndProject
Project("{2150E333-8FDC-42A3-9474-1A3956D46DE8}") = "Lesson-6", "Lesson-6", "{13124AD8-D18F-41B1-A2DF-C50739261BA4}"
EndProject
Project("{FAE04EC0-301F-11D3-BF4B-00C04F79EFBC}") = "Lesson-6-from-site-1-emp-data-base", "Lesson-6-from-site-1-emp-data-base\Lesson-6-from-site-1-emp-data-base.csproj", "{13288A7D-19AF-4C63-B3E0-DBEBB8D4D7CD}"
EndProject
Project("{FAE04EC0-301F-11D3-BF4B-00C04F79EFBC}") = "Lesson-6-from-sourse-1", "Lesson-6-from-sourse-1\Lesson-6-from-sourse-1.csproj", "{D119D083-73C0-4AE6-A4F0-5E32DA297948}"
EndProject
Project("{FAE04EC0-301F-11D3-BF4B-00C04F79EFBC}") = "Lesson-7", "lesson-7\Lesson-7.csproj", "{09CA00CC-E79A-4E70-A35C-D1529A6AF0AD}"
EndProject
Project("{FAE04EC0-301F-11D3-BF4B-00C04F79EFBC}") = "Lesson-8", "Lesson-8\Lesson-8.csproj", "{0FF769E4-47AA-45A9-9BB0-7C9E439D102E}"
EndProject
Project("{FAE04EC0-301F-11D3-BF4B-00C04F79EFBC}") = "Lesson-9", "Lesson-9\Lesson-9.csproj", "{A64BD99E-08D6-406A-9471-B4BCFFF6FD1B}"
EndProject
Project("{9A19103F-16F7-4668-BE54-9A1E7A4F7556}") = "Lesson-9-v2", "Lesson-9-v2\Lesson-9-v2.csproj", "{1CC0801A-16F8-48E8-9161-65F3B8B860F6}"
EndProject
Project("{FAE04EC0-301F-11D3-BF4B-00C04F79EFBC}") = "Lesson-10", "Lesson-10\Lesson-10.csproj", "{78BD39C6-3E5B-449D-9FF7-6B381A18E9E6}"
EndProject
Project("{9A19103F-16F7-4668-BE54-9A1E7A4F7556}") = "MyBotLib", "MyBotLib\MyBotLib.csproj", "{65B7AA8C-201D-48DD-8245-C5973F3F11EC}"
EndProject
Project("{FAE04EC0-301F-11D3-BF4B-00C04F79EFBC}") = "Lesson10-v2", "Lesson10-v2\Lesson10-v2.csproj", "{24F53F6B-CB9E-4102-876B-01DB95BCFCDF}"
EndProject
Global
	GlobalSection(SolutionConfigurationPlatforms) = preSolution
		Debug|Any CPU = Debug|Any CPU
		Release|Any CPU = Release|Any CPU
	EndGlobalSection
	GlobalSection(ProjectConfigurationPlatforms) = postSolution
		{8644B389-2D2F-481D-9756-04E93A9BFC02}.Debug|Any CPU.ActiveCfg = Debug|Any CPU
		{8644B389-2D2F-481D-9756-04E93A9BFC02}.Debug|Any CPU.Build.0 = Debug|Any CPU
		{8644B389-2D2F-481D-9756-04E93A9BFC02}.Release|Any CPU.ActiveCfg = Release|Any CPU
		{8644B389-2D2F-481D-9756-04E93A9BFC02}.Release|Any CPU.Build.0 = Release|Any CPU
		{F2F30461-1BC8-407C-B8A1-C6BFDDBA9A78}.Debug|Any CPU.ActiveCfg = Debug|Any CPU
		{F2F30461-1BC8-407C-B8A1-C6BFDDBA9A78}.Debug|Any CPU.Build.0 = Debug|Any CPU
		{F2F30461-1BC8-407C-B8A1-C6BFDDBA9A78}.Release|Any CPU.ActiveCfg = Release|Any CPU
		{F2F30461-1BC8-407C-B8A1-C6BFDDBA9A78}.Release|Any CPU.Build.0 = Release|Any CPU
		{6F347A11-D895-4BBA-9356-353700BD123B}.Debug|Any CPU.ActiveCfg = Debug|Any CPU
		{6F347A11-D895-4BBA-9356-353700BD123B}.Debug|Any CPU.Build.0 = Debug|Any CPU
		{6F347A11-D895-4BBA-9356-353700BD123B}.Release|Any CPU.ActiveCfg = Release|Any CPU
		{6F347A11-D895-4BBA-9356-353700BD123B}.Release|Any CPU.Build.0 = Release|Any CPU
		{063B64A8-9CAD-4880-AFA5-161691BADA73}.Debug|Any CPU.ActiveCfg = Debug|Any CPU
		{063B64A8-9CAD-4880-AFA5-161691BADA73}.Debug|Any CPU.Build.0 = Debug|Any CPU
		{063B64A8-9CAD-4880-AFA5-161691BADA73}.Release|Any CPU.ActiveCfg = Release|Any CPU
		{063B64A8-9CAD-4880-AFA5-161691BADA73}.Release|Any CPU.Build.0 = Release|Any CPU
		{C0427FD3-8179-4DE8-93C6-3983A980B1E0}.Debug|Any CPU.ActiveCfg = Debug|Any CPU
		{C0427FD3-8179-4DE8-93C6-3983A980B1E0}.Debug|Any CPU.Build.0 = Debug|Any CPU
		{C0427FD3-8179-4DE8-93C6-3983A980B1E0}.Release|Any CPU.ActiveCfg = Release|Any CPU
		{C0427FD3-8179-4DE8-93C6-3983A980B1E0}.Release|Any CPU.Build.0 = Release|Any CPU
		{7BDEB2FC-3427-42BE-9E3C-67C8E1F32C5E}.Debug|Any CPU.ActiveCfg = Debug|Any CPU
		{7BDEB2FC-3427-42BE-9E3C-67C8E1F32C5E}.Debug|Any CPU.Build.0 = Debug|Any CPU
		{7BDEB2FC-3427-42BE-9E3C-67C8E1F32C5E}.Release|Any CPU.ActiveCfg = Release|Any CPU
		{7BDEB2FC-3427-42BE-9E3C-67C8E1F32C5E}.Release|Any CPU.Build.0 = Release|Any CPU
		{60BA9442-8CE1-4BC3-A618-B1551FF9C71B}.Debug|Any CPU.ActiveCfg = Debug|Any CPU
		{60BA9442-8CE1-4BC3-A618-B1551FF9C71B}.Debug|Any CPU.Build.0 = Debug|Any CPU
		{60BA9442-8CE1-4BC3-A618-B1551FF9C71B}.Release|Any CPU.ActiveCfg = Release|Any CPU
		{60BA9442-8CE1-4BC3-A618-B1551FF9C71B}.Release|Any CPU.Build.0 = Release|Any CPU
		{C7A1CDEB-D85E-419A-A1D2-4BA0BE522182}.Debug|Any CPU.ActiveCfg = Debug|Any CPU
		{C7A1CDEB-D85E-419A-A1D2-4BA0BE522182}.Debug|Any CPU.Build.0 = Debug|Any CPU
		{C7A1CDEB-D85E-419A-A1D2-4BA0BE522182}.Release|Any CPU.ActiveCfg = Release|Any CPU
		{C7A1CDEB-D85E-419A-A1D2-4BA0BE522182}.Release|Any CPU.Build.0 = Release|Any CPU
		{30635E6C-AEC5-40F6-8FBF-1570C1BFA4FD}.Debug|Any CPU.ActiveCfg = Debug|Any CPU
		{30635E6C-AEC5-40F6-8FBF-1570C1BFA4FD}.Debug|Any CPU.Build.0 = Debug|Any CPU
		{30635E6C-AEC5-40F6-8FBF-1570C1BFA4FD}.Release|Any CPU.ActiveCfg = Release|Any CPU
		{30635E6C-AEC5-40F6-8FBF-1570C1BFA4FD}.Release|Any CPU.Build.0 = Release|Any CPU
		{3B22B9C2-02F4-4CDA-8D1F-87E1F5267AC5}.Debug|Any CPU.ActiveCfg = Debug|Any CPU
		{3B22B9C2-02F4-4CDA-8D1F-87E1F5267AC5}.Debug|Any CPU.Build.0 = Debug|Any CPU
		{3B22B9C2-02F4-4CDA-8D1F-87E1F5267AC5}.Release|Any CPU.ActiveCfg = Release|Any CPU
		{3B22B9C2-02F4-4CDA-8D1F-87E1F5267AC5}.Release|Any CPU.Build.0 = Release|Any CPU
		{4B946C0E-0855-4291-B48F-BDAE164EAE44}.Debug|Any CPU.ActiveCfg = Debug|Any CPU
		{4B946C0E-0855-4291-B48F-BDAE164EAE44}.Debug|Any CPU.Build.0 = Debug|Any CPU
		{4B946C0E-0855-4291-B48F-BDAE164EAE44}.Release|Any CPU.ActiveCfg = Release|Any CPU
		{4B946C0E-0855-4291-B48F-BDAE164EAE44}.Release|Any CPU.Build.0 = Release|Any CPU
		{E84D1ABE-A0D6-4B2B-ACA6-A43E6433CDCC}.Debug|Any CPU.ActiveCfg = Debug|Any CPU
		{E84D1ABE-A0D6-4B2B-ACA6-A43E6433CDCC}.Debug|Any CPU.Build.0 = Debug|Any CPU
		{E84D1ABE-A0D6-4B2B-ACA6-A43E6433CDCC}.Release|Any CPU.ActiveCfg = Release|Any CPU
		{E84D1ABE-A0D6-4B2B-ACA6-A43E6433CDCC}.Release|Any CPU.Build.0 = Release|Any CPU
		{E97D5279-EE71-42E2-963C-E5EE00B0EF73}.Debug|Any CPU.ActiveCfg = Debug|Any CPU
		{E97D5279-EE71-42E2-963C-E5EE00B0EF73}.Debug|Any CPU.Build.0 = Debug|Any CPU
		{E97D5279-EE71-42E2-963C-E5EE00B0EF73}.Release|Any CPU.ActiveCfg = Release|Any CPU
		{E97D5279-EE71-42E2-963C-E5EE00B0EF73}.Release|Any CPU.Build.0 = Release|Any CPU
		{12623F83-6F80-4E3D-9391-C7F2C98A8702}.Debug|Any CPU.ActiveCfg = Debug|Any CPU
		{12623F83-6F80-4E3D-9391-C7F2C98A8702}.Debug|Any CPU.Build.0 = Debug|Any CPU
		{12623F83-6F80-4E3D-9391-C7F2C98A8702}.Release|Any CPU.ActiveCfg = Release|Any CPU
		{12623F83-6F80-4E3D-9391-C7F2C98A8702}.Release|Any CPU.Build.0 = Release|Any CPU
		{9FCAA801-8C8D-4A66-A3EE-FC49E1D1F83D}.Debug|Any CPU.ActiveCfg = Debug|Any CPU
		{9FCAA801-8C8D-4A66-A3EE-FC49E1D1F83D}.Debug|Any CPU.Build.0 = Debug|Any CPU
		{9FCAA801-8C8D-4A66-A3EE-FC49E1D1F83D}.Release|Any CPU.ActiveCfg = Release|Any CPU
		{9FCAA801-8C8D-4A66-A3EE-FC49E1D1F83D}.Release|Any CPU.Build.0 = Release|Any CPU
		{6E618B17-70DC-4D12-B490-1EE51C9B1D43}.Debug|Any CPU.ActiveCfg = Debug|Any CPU
		{6E618B17-70DC-4D12-B490-1EE51C9B1D43}.Debug|Any CPU.Build.0 = Debug|Any CPU
		{6E618B17-70DC-4D12-B490-1EE51C9B1D43}.Release|Any CPU.ActiveCfg = Release|Any CPU
		{6E618B17-70DC-4D12-B490-1EE51C9B1D43}.Release|Any CPU.Build.0 = Release|Any CPU
		{0F910971-C1DC-45C5-8D69-4876D3DB864A}.Debug|Any CPU.ActiveCfg = Debug|Any CPU
		{0F910971-C1DC-45C5-8D69-4876D3DB864A}.Debug|Any CPU.Build.0 = Debug|Any CPU
		{0F910971-C1DC-45C5-8D69-4876D3DB864A}.Release|Any CPU.ActiveCfg = Release|Any CPU
		{0F910971-C1DC-45C5-8D69-4876D3DB864A}.Release|Any CPU.Build.0 = Release|Any CPU
		{980181ED-0043-44DC-B7DE-FEC8893C1445}.Debug|Any CPU.ActiveCfg = Debug|Any CPU
		{980181ED-0043-44DC-B7DE-FEC8893C1445}.Debug|Any CPU.Build.0 = Debug|Any CPU
		{980181ED-0043-44DC-B7DE-FEC8893C1445}.Release|Any CPU.ActiveCfg = Release|Any CPU
		{980181ED-0043-44DC-B7DE-FEC8893C1445}.Release|Any CPU.Build.0 = Release|Any CPU
		{13288A7D-19AF-4C63-B3E0-DBEBB8D4D7CD}.Debug|Any CPU.ActiveCfg = Debug|Any CPU
		{13288A7D-19AF-4C63-B3E0-DBEBB8D4D7CD}.Debug|Any CPU.Build.0 = Debug|Any CPU
		{13288A7D-19AF-4C63-B3E0-DBEBB8D4D7CD}.Release|Any CPU.ActiveCfg = Release|Any CPU
		{13288A7D-19AF-4C63-B3E0-DBEBB8D4D7CD}.Release|Any CPU.Build.0 = Release|Any CPU
		{D119D083-73C0-4AE6-A4F0-5E32DA297948}.Debug|Any CPU.ActiveCfg = Debug|Any CPU
		{D119D083-73C0-4AE6-A4F0-5E32DA297948}.Debug|Any CPU.Build.0 = Debug|Any CPU
		{D119D083-73C0-4AE6-A4F0-5E32DA297948}.Release|Any CPU.ActiveCfg = Release|Any CPU
		{D119D083-73C0-4AE6-A4F0-5E32DA297948}.Release|Any CPU.Build.0 = Release|Any CPU
		{09CA00CC-E79A-4E70-A35C-D1529A6AF0AD}.Debug|Any CPU.ActiveCfg = Debug|Any CPU
		{09CA00CC-E79A-4E70-A35C-D1529A6AF0AD}.Debug|Any CPU.Build.0 = Debug|Any CPU
		{09CA00CC-E79A-4E70-A35C-D1529A6AF0AD}.Release|Any CPU.ActiveCfg = Release|Any CPU
		{09CA00CC-E79A-4E70-A35C-D1529A6AF0AD}.Release|Any CPU.Build.0 = Release|Any CPU
		{0FF769E4-47AA-45A9-9BB0-7C9E439D102E}.Debug|Any CPU.ActiveCfg = Debug|Any CPU
		{0FF769E4-47AA-45A9-9BB0-7C9E439D102E}.Debug|Any CPU.Build.0 = Debug|Any CPU
		{0FF769E4-47AA-45A9-9BB0-7C9E439D102E}.Release|Any CPU.ActiveCfg = Release|Any CPU
		{0FF769E4-47AA-45A9-9BB0-7C9E439D102E}.Release|Any CPU.Build.0 = Release|Any CPU
		{A64BD99E-08D6-406A-9471-B4BCFFF6FD1B}.Debug|Any CPU.ActiveCfg = Debug|Any CPU
		{A64BD99E-08D6-406A-9471-B4BCFFF6FD1B}.Debug|Any CPU.Build.0 = Debug|Any CPU
		{A64BD99E-08D6-406A-9471-B4BCFFF6FD1B}.Release|Any CPU.ActiveCfg = Release|Any CPU
		{A64BD99E-08D6-406A-9471-B4BCFFF6FD1B}.Release|Any CPU.Build.0 = Release|Any CPU
		{1CC0801A-16F8-48E8-9161-65F3B8B860F6}.Debug|Any CPU.ActiveCfg = Debug|Any CPU
		{1CC0801A-16F8-48E8-9161-65F3B8B860F6}.Debug|Any CPU.Build.0 = Debug|Any CPU
		{1CC0801A-16F8-48E8-9161-65F3B8B860F6}.Release|Any CPU.ActiveCfg = Release|Any CPU
		{1CC0801A-16F8-48E8-9161-65F3B8B860F6}.Release|Any CPU.Build.0 = Release|Any CPU
		{78BD39C6-3E5B-449D-9FF7-6B381A18E9E6}.Debug|Any CPU.ActiveCfg = Debug|Any CPU
		{78BD39C6-3E5B-449D-9FF7-6B381A18E9E6}.Debug|Any CPU.Build.0 = Debug|Any CPU
		{78BD39C6-3E5B-449D-9FF7-6B381A18E9E6}.Release|Any CPU.ActiveCfg = Release|Any CPU
		{78BD39C6-3E5B-449D-9FF7-6B381A18E9E6}.Release|Any CPU.Build.0 = Release|Any CPU
		{65B7AA8C-201D-48DD-8245-C5973F3F11EC}.Debug|Any CPU.ActiveCfg = Debug|Any CPU
		{65B7AA8C-201D-48DD-8245-C5973F3F11EC}.Debug|Any CPU.Build.0 = Debug|Any CPU
		{65B7AA8C-201D-48DD-8245-C5973F3F11EC}.Release|Any CPU.ActiveCfg = Release|Any CPU
		{65B7AA8C-201D-48DD-8245-C5973F3F11EC}.Release|Any CPU.Build.0 = Release|Any CPU
		{24F53F6B-CB9E-4102-876B-01DB95BCFCDF}.Debug|Any CPU.ActiveCfg = Debug|Any CPU
		{24F53F6B-CB9E-4102-876B-01DB95BCFCDF}.Debug|Any CPU.Build.0 = Debug|Any CPU
		{24F53F6B-CB9E-4102-876B-01DB95BCFCDF}.Release|Any CPU.ActiveCfg = Release|Any CPU
		{24F53F6B-CB9E-4102-876B-01DB95BCFCDF}.Release|Any CPU.Build.0 = Release|Any CPU
	EndGlobalSection
	GlobalSection(SolutionProperties) = preSolution
		HideSolutionNode = FALSE
	EndGlobalSection
	GlobalSection(NestedProjects) = preSolution
		{6F347A11-D895-4BBA-9356-353700BD123B} = {B04D8326-1B3C-40CE-B998-F7543FB038FC}
		{063B64A8-9CAD-4880-AFA5-161691BADA73} = {B04D8326-1B3C-40CE-B998-F7543FB038FC}
		{C0427FD3-8179-4DE8-93C6-3983A980B1E0} = {B04D8326-1B3C-40CE-B998-F7543FB038FC}
		{7BDEB2FC-3427-42BE-9E3C-67C8E1F32C5E} = {B04D8326-1B3C-40CE-B998-F7543FB038FC}
		{60BA9442-8CE1-4BC3-A618-B1551FF9C71B} = {1C1E6B84-2BE5-4E36-A535-1B9AEBEC1A98}
		{C7A1CDEB-D85E-419A-A1D2-4BA0BE522182} = {1C1E6B84-2BE5-4E36-A535-1B9AEBEC1A98}
		{30635E6C-AEC5-40F6-8FBF-1570C1BFA4FD} = {1C1E6B84-2BE5-4E36-A535-1B9AEBEC1A98}
		{3B22B9C2-02F4-4CDA-8D1F-87E1F5267AC5} = {1C1E6B84-2BE5-4E36-A535-1B9AEBEC1A98}
		{4B946C0E-0855-4291-B48F-BDAE164EAE44} = {1C1E6B84-2BE5-4E36-A535-1B9AEBEC1A98}
		{E84D1ABE-A0D6-4B2B-ACA6-A43E6433CDCC} = {1C1E6B84-2BE5-4E36-A535-1B9AEBEC1A98}
		{E97D5279-EE71-42E2-963C-E5EE00B0EF73} = {501C7E35-D415-41B1-8A79-9468453D4614}
		{12623F83-6F80-4E3D-9391-C7F2C98A8702} = {501C7E35-D415-41B1-8A79-9468453D4614}
		{9FCAA801-8C8D-4A66-A3EE-FC49E1D1F83D} = {501C7E35-D415-41B1-8A79-9468453D4614}
		{6E618B17-70DC-4D12-B490-1EE51C9B1D43} = {501C7E35-D415-41B1-8A79-9468453D4614}
		{0F910971-C1DC-45C5-8D69-4876D3DB864A} = {501C7E35-D415-41B1-8A79-9468453D4614}
		{980181ED-0043-44DC-B7DE-FEC8893C1445} = {501C7E35-D415-41B1-8A79-9468453D4614}
		{13288A7D-19AF-4C63-B3E0-DBEBB8D4D7CD} = {13124AD8-D18F-41B1-A2DF-C50739261BA4}
		{D119D083-73C0-4AE6-A4F0-5E32DA297948} = {13124AD8-D18F-41B1-A2DF-C50739261BA4}
	EndGlobalSection
	GlobalSection(ExtensibilityGlobals) = postSolution
		SolutionGuid = {A1697E51-25F0-4159-86D8-F9942A89E47D}
	EndGlobalSection
EndGlobal
